
Microsoft Visual Studio Solution File, Format Version 12.00
# Visual Studio 15
VisualStudioVersion = 15.0.26228.9
MinimumVisualStudioVersion = 10.0.40219.1
Project("{2150E333-8FDC-42A3-9474-1A3956D46DE8}") = "Solution Items", "Solution Items", "{C7BD7FEF-7CF6-4CCE-ADD6-721242D95AFB}"
	ProjectSection(SolutionItems) = preProject
		LICENSE = LICENSE
		README.md = README.md
	EndProjectSection
EndProject
Project("{9A19103F-16F7-4668-BE54-9A1E7A4F7556}") = "Markurion", "Markurion\Markurion.csproj", "{0EA2FCFE-D6AC-4DEF-8112-BCD8106A4139}"
EndProject
Project("{9A19103F-16F7-4668-BE54-9A1E7A4F7556}") = "Markurion.Postgres", "Markurion.Postgres\Markurion.Postgres.csproj", "{86504821-37D7-46F2-87E2-EBCC6FFAE235}"
EndProject
Project("{9A19103F-16F7-4668-BE54-9A1E7A4F7556}") = "Markurion.Query", "Markurion.Query\Markurion.Query.csproj", "{387F25A9-6496-4BB3-A232-31FD137A3318}"
EndProject
Project("{9A19103F-16F7-4668-BE54-9A1E7A4F7556}") = "Markurion.Api", "Markurion.Api\Markurion.Api.csproj", "{FDB688DF-8243-49A5-AF6F-72CC57F23351}"
EndProject
Project("{9A19103F-16F7-4668-BE54-9A1E7A4F7556}") = "Markurion.Console", "Markurion.Console\Markurion.Console.csproj", "{DBCACDAA-9387-4D09-9CC5-5CE292BD58B0}"
EndProject
Project("{9A19103F-16F7-4668-BE54-9A1E7A4F7556}") = "Markurion.Modules", "Markurion.Modules\Markurion.Modules.csproj", "{A1AB7DEB-8E2B-4BF6-BAC5-72CABA40FED9}"
EndProject
Project("{2150E333-8FDC-42A3-9474-1A3956D46DE8}") = "Tests", "Tests", "{EC596B1F-38EB-456A-8E87-723121104A7C}"
EndProject
Project("{FAE04EC0-301F-11D3-BF4B-00C04F79EFBC}") = "Markurion.Tests", "Tests\Markurion.Tests\Markurion.Tests.csproj", "{0BFC5FB3-4535-4181-899D-5B4859463CA8}"
EndProject
Project("{FAE04EC0-301F-11D3-BF4B-00C04F79EFBC}") = "Markurion.Benchmark", "Markurion.Benchmark\Markurion.Benchmark.csproj", "{7355FC73-8584-4800-83A7-1234E0CFCEB0}"
EndProject
Project("{FAE04EC0-301F-11D3-BF4B-00C04F79EFBC}") = "Markurion.Mute", "Markurion.Mute\Markurion.Mute.csproj", "{6572BEFF-35D8-406A-8900-A9BAFBDE3DD7}"
EndProject
Global
	GlobalSection(SolutionConfigurationPlatforms) = preSolution
		Debug|Any CPU = Debug|Any CPU
		Release|Any CPU = Release|Any CPU
	EndGlobalSection
	GlobalSection(ProjectConfigurationPlatforms) = postSolution
		{0EA2FCFE-D6AC-4DEF-8112-BCD8106A4139}.Debug|Any CPU.ActiveCfg = Debug|Any CPU
		{0EA2FCFE-D6AC-4DEF-8112-BCD8106A4139}.Debug|Any CPU.Build.0 = Debug|Any CPU
		{0EA2FCFE-D6AC-4DEF-8112-BCD8106A4139}.Release|Any CPU.ActiveCfg = Release|Any CPU
		{0EA2FCFE-D6AC-4DEF-8112-BCD8106A4139}.Release|Any CPU.Build.0 = Release|Any CPU
		{86504821-37D7-46F2-87E2-EBCC6FFAE235}.Debug|Any CPU.ActiveCfg = Debug|Any CPU
		{86504821-37D7-46F2-87E2-EBCC6FFAE235}.Debug|Any CPU.Build.0 = Debug|Any CPU
		{86504821-37D7-46F2-87E2-EBCC6FFAE235}.Release|Any CPU.ActiveCfg = Release|Any CPU
		{86504821-37D7-46F2-87E2-EBCC6FFAE235}.Release|Any CPU.Build.0 = Release|Any CPU
		{387F25A9-6496-4BB3-A232-31FD137A3318}.Debug|Any CPU.ActiveCfg = Debug|Any CPU
		{387F25A9-6496-4BB3-A232-31FD137A3318}.Debug|Any CPU.Build.0 = Debug|Any CPU
		{387F25A9-6496-4BB3-A232-31FD137A3318}.Release|Any CPU.ActiveCfg = Release|Any CPU
		{387F25A9-6496-4BB3-A232-31FD137A3318}.Release|Any CPU.Build.0 = Release|Any CPU
		{FDB688DF-8243-49A5-AF6F-72CC57F23351}.Debug|Any CPU.ActiveCfg = Debug|Any CPU
		{FDB688DF-8243-49A5-AF6F-72CC57F23351}.Debug|Any CPU.Build.0 = Debug|Any CPU
		{FDB688DF-8243-49A5-AF6F-72CC57F23351}.Release|Any CPU.ActiveCfg = Release|Any CPU
		{FDB688DF-8243-49A5-AF6F-72CC57F23351}.Release|Any CPU.Build.0 = Release|Any CPU
		{DBCACDAA-9387-4D09-9CC5-5CE292BD58B0}.Debug|Any CPU.ActiveCfg = Debug|Any CPU
		{DBCACDAA-9387-4D09-9CC5-5CE292BD58B0}.Debug|Any CPU.Build.0 = Debug|Any CPU
		{DBCACDAA-9387-4D09-9CC5-5CE292BD58B0}.Release|Any CPU.ActiveCfg = Release|Any CPU
		{DBCACDAA-9387-4D09-9CC5-5CE292BD58B0}.Release|Any CPU.Build.0 = Release|Any CPU
		{A1AB7DEB-8E2B-4BF6-BAC5-72CABA40FED9}.Debug|Any CPU.ActiveCfg = Debug|Any CPU
		{A1AB7DEB-8E2B-4BF6-BAC5-72CABA40FED9}.Debug|Any CPU.Build.0 = Debug|Any CPU
		{A1AB7DEB-8E2B-4BF6-BAC5-72CABA40FED9}.Release|Any CPU.ActiveCfg = Release|Any CPU
		{A1AB7DEB-8E2B-4BF6-BAC5-72CABA40FED9}.Release|Any CPU.Build.0 = Release|Any CPU
		{0BFC5FB3-4535-4181-899D-5B4859463CA8}.Debug|Any CPU.ActiveCfg = Debug|Any CPU
		{0BFC5FB3-4535-4181-899D-5B4859463CA8}.Debug|Any CPU.Build.0 = Debug|Any CPU
		{0BFC5FB3-4535-4181-899D-5B4859463CA8}.Release|Any CPU.ActiveCfg = Release|Any CPU
		{0BFC5FB3-4535-4181-899D-5B4859463CA8}.Release|Any CPU.Build.0 = Release|Any CPU
		{7355FC73-8584-4800-83A7-1234E0CFCEB0}.Debug|Any CPU.ActiveCfg = Debug|Any CPU
		{7355FC73-8584-4800-83A7-1234E0CFCEB0}.Debug|Any CPU.Build.0 = Debug|Any CPU
		{7355FC73-8584-4800-83A7-1234E0CFCEB0}.Release|Any CPU.ActiveCfg = Release|Any CPU
		{7355FC73-8584-4800-83A7-1234E0CFCEB0}.Release|Any CPU.Build.0 = Release|Any CPU
		{6572BEFF-35D8-406A-8900-A9BAFBDE3DD7}.Debug|Any CPU.ActiveCfg = Debug|Any CPU
		{6572BEFF-35D8-406A-8900-A9BAFBDE3DD7}.Debug|Any CPU.Build.0 = Debug|Any CPU
		{6572BEFF-35D8-406A-8900-A9BAFBDE3DD7}.Release|Any CPU.ActiveCfg = Release|Any CPU
		{6572BEFF-35D8-406A-8900-A9BAFBDE3DD7}.Release|Any CPU.Build.0 = Release|Any CPU
	EndGlobalSection
	GlobalSection(SolutionProperties) = preSolution
		HideSolutionNode = FALSE
	EndGlobalSection
	GlobalSection(NestedProjects) = preSolution
		{0BFC5FB3-4535-4181-899D-5B4859463CA8} = {EC596B1F-38EB-456A-8E87-723121104A7C}
		{7355FC73-8584-4800-83A7-1234E0CFCEB0} = {EC596B1F-38EB-456A-8E87-723121104A7C}
	EndGlobalSection
EndGlobal
